
Microsoft Visual Studio Solution File, Format Version 12.00
# Visual Studio Version 16
VisualStudioVersion = 16.0.31702.278
MinimumVisualStudioVersion = 10.0.40219.1
Project("{FAE04EC0-301F-11D3-BF4B-00C04F79EFBC}") = "Minesweeper", "Minesweeper\Minesweeper.csproj", "{B8A88574-1C7D-480C-8C8F-51EA289432C3}"
EndProject
Global
	GlobalSection(SolutionConfigurationPlatforms) = preSolution
		Debug|Any CPU = Debug|Any CPU
		Release|Any CPU = Release|Any CPU
	EndGlobalSection
	GlobalSection(ProjectConfigurationPlatforms) = postSolution
		{B8A88574-1C7D-480C-8C8F-51EA289432C3}.Debug|Any CPU.ActiveCfg = Debug|Any CPU
		{B8A88574-1C7D-480C-8C8F-51EA289432C3}.Debug|Any CPU.Build.0 = Debug|Any CPU
		{B8A88574-1C7D-480C-8C8F-51EA289432C3}.Release|Any CPU.ActiveCfg = Release|Any CPU
		{B8A88574-1C7D-480C-8C8F-51EA289432C3}.Release|Any CPU.Build.0 = Release|Any CPU
	EndGlobalSection
	GlobalSection(SolutionProperties) = preSolution
		HideSolutionNode = FALSE
	EndGlobalSection
	GlobalSection(ExtensibilityGlobals) = postSolution
		SolutionGuid = {EF4CCF56-5921-4E61-8809-92AA4A8C7B48}
	EndGlobalSection
EndGlobal
