
Microsoft Visual Studio Solution File, Format Version 12.00
# Visual Studio Version 16
VisualStudioVersion = 16.0.30503.244
MinimumVisualStudioVersion = 10.0.40219.1
Project("{FAE04EC0-301F-11D3-BF4B-00C04F79EFBC}") = "PA4Draft", "PA4Draft\PA4Draft.csproj", "{C4B73A30-BB40-4939-969C-89F028C00B6B}"
EndProject
Global
	GlobalSection(SolutionConfigurationPlatforms) = preSolution
		Debug|Any CPU = Debug|Any CPU
		Release|Any CPU = Release|Any CPU
	EndGlobalSection
	GlobalSection(ProjectConfigurationPlatforms) = postSolution
		{C4B73A30-BB40-4939-969C-89F028C00B6B}.Debug|Any CPU.ActiveCfg = Debug|Any CPU
		{C4B73A30-BB40-4939-969C-89F028C00B6B}.Debug|Any CPU.Build.0 = Debug|Any CPU
		{C4B73A30-BB40-4939-969C-89F028C00B6B}.Release|Any CPU.ActiveCfg = Release|Any CPU
		{C4B73A30-BB40-4939-969C-89F028C00B6B}.Release|Any CPU.Build.0 = Release|Any CPU
	EndGlobalSection
	GlobalSection(SolutionProperties) = preSolution
		HideSolutionNode = FALSE
	EndGlobalSection
	GlobalSection(ExtensibilityGlobals) = postSolution
		SolutionGuid = {B708E346-18B8-45E7-8149-05DA4D533C97}
	EndGlobalSection
EndGlobal
